// !$*UTF8*$!
{
	archiveVersion = 1;
	classes = {
	};
	objectVersion = 50;
	objects = {

/* Begin PBXBuildFile section */
		6501710E2661360A00761393 /* PolicyChooserView.m in Sources */ = {isa = PBXBuildFile; fileRef = 6501710D2661360A00761393 /* PolicyChooserView.m */; };
		655FCF7A2637D8FD004981A4 /* Simul.c in Sources */ = {isa = PBXBuildFile; fileRef = 659CC8112624BB8200ED7E15 /* Simul.c */; };
		655FCF7C2637D90A004981A4 /* libsimul.a in Frameworks */ = {isa = PBXBuildFile; fileRef = 655FCF712637D8FB004981A4 /* libsimul.a */; };
		659CC7E22624BB6200ED7E15 /* AppDelegate.m in Sources */ = {isa = PBXBuildFile; fileRef = 659CC7E12624BB6200ED7E15 /* AppDelegate.m */; };
		659CC7E52624BB6200ED7E15 /* RealtimeGraphController.m in Sources */ = {isa = PBXBuildFile; fileRef = 659CC7E42624BB6200ED7E15 /* RealtimeGraphController.m */; };
		659CC7E72624BB6400ED7E15 /* Assets.xcassets in Resources */ = {isa = PBXBuildFile; fileRef = 659CC7E62624BB6400ED7E15 /* Assets.xcassets */; };
		659CC7ED2624BB6400ED7E15 /* main.m in Sources */ = {isa = PBXBuildFile; fileRef = 659CC7EC2624BB6400ED7E15 /* main.m */; };
		659CC81826262C9300ED7E15 /* SimulatorThread.m in Sources */ = {isa = PBXBuildFile; fileRef = 659CC81726262C9300ED7E15 /* SimulatorThread.m */; };
		659CC81B26262E0F00ED7E15 /* Results.m in Sources */ = {isa = PBXBuildFile; fileRef = 659CC81A26262E0F00ED7E15 /* Results.m */; };
		659CC821262660A800ED7E15 /* RealtimeGraphRenderer.m in Sources */ = {isa = PBXBuildFile; fileRef = 659CC820262660A800ED7E15 /* RealtimeGraphRenderer.m */; };
		659CC8242626B29000ED7E15 /* GraphShader.metal in Sources */ = {isa = PBXBuildFile; fileRef = 659CC8232626B29000ED7E15 /* GraphShader.metal */; };
		65EA9FA82648E32F00FE6900 /* PolicyCompiler.m in Sources */ = {isa = PBXBuildFile; fileRef = 65EA9FA72648E32F00FE6900 /* PolicyCompiler.m */; };
		65EA9FAA2648EBE400FE6900 /* libclang.dylib in Frameworks */ = {isa = PBXBuildFile; fileRef = 65EA9FA92648EBE400FE6900 /* libclang.dylib */; };
		65EA9FAD2648ECE100FE6900 /* libclang.dylib in Embed Libraries */ = {isa = PBXBuildFile; fileRef = 65EA9FA92648EBE400FE6900 /* libclang.dylib */; };
		65EA9FB22648FF6B00FE6900 /* Diagnostic.m in Sources */ = {isa = PBXBuildFile; fileRef = 65EA9FB12648FF6B00FE6900 /* Diagnostic.m */; };
/* End PBXBuildFile section */

/* Begin PBXContainerItemProxy section */
		659CC7F42624BB6400ED7E15 /* PBXContainerItemProxy */ = {
			isa = PBXContainerItemProxy;
			containerPortal = 659CC7D52624BB6200ED7E15 /* Project object */;
			proxyType = 1;
			remoteGlobalIDString = 659CC7DC2624BB6200ED7E15;
			remoteInfo = Stimulator;
		};
		659CC7FF2624BB6400ED7E15 /* PBXContainerItemProxy */ = {
			isa = PBXContainerItemProxy;
			containerPortal = 659CC7D52624BB6200ED7E15 /* Project object */;
			proxyType = 1;
			remoteGlobalIDString = 659CC7DC2624BB6200ED7E15;
			remoteInfo = Stimulator;
		};
/* End PBXContainerItemProxy section */

/* Begin PBXCopyFilesBuildPhase section */
		65EA9FAE2648ECE100FE6900 /* Embed Libraries */ = {
			isa = PBXCopyFilesBuildPhase;
			buildActionMask = 2147483647;
			dstPath = "";
			dstSubfolderSpec = 10;
			files = (
				65EA9FAD2648ECE100FE6900 /* libclang.dylib in Embed Libraries */,
			);
			name = "Embed Libraries";
			runOnlyForDeploymentPostprocessing = 0;
		};
/* End PBXCopyFilesBuildPhase section */

/* Begin PBXFileReference section */
		6501710C2661360A00761393 /* PolicyChooserView.h */ = {isa = PBXFileReference; lastKnownFileType = sourcecode.c.h; path = PolicyChooserView.h; sourceTree = "<group>"; };
		6501710D2661360A00761393 /* PolicyChooserView.m */ = {isa = PBXFileReference; lastKnownFileType = sourcecode.c.objc; path = PolicyChooserView.m; sourceTree = "<group>"; };
		655FCF712637D8FB004981A4 /* libsimul.a */ = {isa = PBXFileReference; explicitFileType = archive.ar; includeInIndex = 0; path = libsimul.a; sourceTree = BUILT_PRODUCTS_DIR; };
		659CC7DD2624BB6200ED7E15 /* Stimulator.app */ = {isa = PBXFileReference; explicitFileType = wrapper.application; includeInIndex = 0; path = Stimulator.app; sourceTree = BUILT_PRODUCTS_DIR; };
		659CC7E02624BB6200ED7E15 /* AppDelegate.h */ = {isa = PBXFileReference; lastKnownFileType = sourcecode.c.h; path = AppDelegate.h; sourceTree = "<group>"; };
		659CC7E12624BB6200ED7E15 /* AppDelegate.m */ = {isa = PBXFileReference; lastKnownFileType = sourcecode.c.objc; path = AppDelegate.m; sourceTree = "<group>"; };
		659CC7E32624BB6200ED7E15 /* RealtimeGraphController.h */ = {isa = PBXFileReference; lastKnownFileType = sourcecode.c.h; path = RealtimeGraphController.h; sourceTree = "<group>"; };
		659CC7E42624BB6200ED7E15 /* RealtimeGraphController.m */ = {isa = PBXFileReference; lastKnownFileType = sourcecode.c.objc; path = RealtimeGraphController.m; sourceTree = "<group>"; };
		659CC7E62624BB6400ED7E15 /* Assets.xcassets */ = {isa = PBXFileReference; lastKnownFileType = folder.assetcatalog; path = Assets.xcassets; sourceTree = "<group>"; };
		659CC7EB2624BB6400ED7E15 /* Info.plist */ = {isa = PBXFileReference; lastKnownFileType = text.plist.xml; path = Info.plist; sourceTree = "<group>"; };
		659CC7EC2624BB6400ED7E15 /* main.m */ = {isa = PBXFileReference; lastKnownFileType = sourcecode.c.objc; path = main.m; sourceTree = "<group>"; };
		659CC7EE2624BB6400ED7E15 /* Stimulator.entitlements */ = {isa = PBXFileReference; lastKnownFileType = text.plist.entitlements; path = Stimulator.entitlements; sourceTree = "<group>"; };
		659CC7F32624BB6400ED7E15 /* StimulatorTests.xctest */ = {isa = PBXFileReference; explicitFileType = wrapper.cfbundle; includeInIndex = 0; path = StimulatorTests.xctest; sourceTree = BUILT_PRODUCTS_DIR; };
		659CC7FE2624BB6400ED7E15 /* StimulatorUITests.xctest */ = {isa = PBXFileReference; explicitFileType = wrapper.cfbundle; includeInIndex = 0; path = StimulatorUITests.xctest; sourceTree = BUILT_PRODUCTS_DIR; };
		659CC8102624BB8200ED7E15 /* Simul.h */ = {isa = PBXFileReference; lastKnownFileType = sourcecode.c.h; path = Simul.h; sourceTree = "<group>"; };
		659CC8112624BB8200ED7E15 /* Simul.c */ = {isa = PBXFileReference; lastKnownFileType = sourcecode.c.c; path = Simul.c; sourceTree = "<group>"; };
		659CC81626262C9300ED7E15 /* SimulatorThread.h */ = {isa = PBXFileReference; lastKnownFileType = sourcecode.c.h; path = SimulatorThread.h; sourceTree = "<group>"; };
		659CC81726262C9300ED7E15 /* SimulatorThread.m */ = {isa = PBXFileReference; lastKnownFileType = sourcecode.c.objc; path = SimulatorThread.m; sourceTree = "<group>"; };
		659CC81926262E0F00ED7E15 /* Results.h */ = {isa = PBXFileReference; lastKnownFileType = sourcecode.c.h; path = Results.h; sourceTree = "<group>"; };
		659CC81A26262E0F00ED7E15 /* Results.m */ = {isa = PBXFileReference; lastKnownFileType = sourcecode.c.objc; path = Results.m; sourceTree = "<group>"; xcLanguageSpecificationIdentifier = xcode.lang.objc; };
		659CC81F262660A800ED7E15 /* RealtimeGraphRenderer.h */ = {isa = PBXFileReference; lastKnownFileType = sourcecode.c.h; path = RealtimeGraphRenderer.h; sourceTree = "<group>"; };
		659CC820262660A800ED7E15 /* RealtimeGraphRenderer.m */ = {isa = PBXFileReference; lastKnownFileType = sourcecode.c.objc; path = RealtimeGraphRenderer.m; sourceTree = "<group>"; };
		659CC8222626A95700ED7E15 /* GraphRendererHeaders.h */ = {isa = PBXFileReference; lastKnownFileType = sourcecode.c.h; path = GraphRendererHeaders.h; sourceTree = "<group>"; };
		659CC8232626B29000ED7E15 /* GraphShader.metal */ = {isa = PBXFileReference; lastKnownFileType = sourcecode.metal; path = GraphShader.metal; sourceTree = "<group>"; };
		65EA9FA62648E32F00FE6900 /* PolicyCompiler.h */ = {isa = PBXFileReference; lastKnownFileType = sourcecode.c.h; path = PolicyCompiler.h; sourceTree = "<group>"; };
		65EA9FA72648E32F00FE6900 /* PolicyCompiler.m */ = {isa = PBXFileReference; lastKnownFileType = sourcecode.c.objc; path = PolicyCompiler.m; sourceTree = "<group>"; };
		65EA9FA92648EBE400FE6900 /* libclang.dylib */ = {isa = PBXFileReference; lastKnownFileType = "compiled.mach-o.dylib"; name = libclang.dylib; path = ../../../Library/Developer/CommandLineTools/usr/lib/libclang.dylib; sourceTree = "<group>"; };
		65EA9FB02648FF6B00FE6900 /* Diagnostic.h */ = {isa = PBXFileReference; lastKnownFileType = sourcecode.c.h; path = Diagnostic.h; sourceTree = "<group>"; };
		65EA9FB12648FF6B00FE6900 /* Diagnostic.m */ = {isa = PBXFileReference; lastKnownFileType = sourcecode.c.objc; path = Diagnostic.m; sourceTree = "<group>"; };
/* End PBXFileReference section */

/* Begin PBXFrameworksBuildPhase section */
		655FCF6F2637D8FB004981A4 /* Frameworks */ = {
			isa = PBXFrameworksBuildPhase;
			buildActionMask = 2147483647;
			files = (
			);
			runOnlyForDeploymentPostprocessing = 0;
		};
		659CC7DA2624BB6200ED7E15 /* Frameworks */ = {
			isa = PBXFrameworksBuildPhase;
			buildActionMask = 2147483647;
			files = (
				65EA9FAA2648EBE400FE6900 /* libclang.dylib in Frameworks */,
				655FCF7C2637D90A004981A4 /* libsimul.a in Frameworks */,
			);
			runOnlyForDeploymentPostprocessing = 0;
		};
		659CC7F02624BB6400ED7E15 /* Frameworks */ = {
			isa = PBXFrameworksBuildPhase;
			buildActionMask = 2147483647;
			files = (
			);
			runOnlyForDeploymentPostprocessing = 0;
		};
		659CC7FB2624BB6400ED7E15 /* Frameworks */ = {
			isa = PBXFrameworksBuildPhase;
			buildActionMask = 2147483647;
			files = (
			);
			runOnlyForDeploymentPostprocessing = 0;
		};
/* End PBXFrameworksBuildPhase section */

/* Begin PBXGroup section */
		655FCF7B2637D90A004981A4 /* Frameworks */ = {
			isa = PBXGroup;
			children = (
				65EA9FA92648EBE400FE6900 /* libclang.dylib */,
			);
			name = Frameworks;
			sourceTree = "<group>";
		};
		659CC7D42624BB6200ED7E15 = {
			isa = PBXGroup;
			children = (
				659CC7DF2624BB6200ED7E15 /* Stimulator */,
				659CC7DE2624BB6200ED7E15 /* Products */,
				655FCF7B2637D90A004981A4 /* Frameworks */,
			);
			sourceTree = "<group>";
		};
		659CC7DE2624BB6200ED7E15 /* Products */ = {
			isa = PBXGroup;
			children = (
				659CC7DD2624BB6200ED7E15 /* Stimulator.app */,
				659CC7F32624BB6400ED7E15 /* StimulatorTests.xctest */,
				659CC7FE2624BB6400ED7E15 /* StimulatorUITests.xctest */,
				655FCF712637D8FB004981A4 /* libsimul.a */,
			);
			name = Products;
			sourceTree = "<group>";
		};
		659CC7DF2624BB6200ED7E15 /* Stimulator */ = {
			isa = PBXGroup;
			children = (
				659CC7E02624BB6200ED7E15 /* AppDelegate.h */,
				659CC7E12624BB6200ED7E15 /* AppDelegate.m */,
				659CC7E32624BB6200ED7E15 /* RealtimeGraphController.h */,
				659CC7E42624BB6200ED7E15 /* RealtimeGraphController.m */,
				6501710C2661360A00761393 /* PolicyChooserView.h */,
				6501710D2661360A00761393 /* PolicyChooserView.m */,
				659CC81F262660A800ED7E15 /* RealtimeGraphRenderer.h */,
				659CC820262660A800ED7E15 /* RealtimeGraphRenderer.m */,
				659CC8232626B29000ED7E15 /* GraphShader.metal */,
				659CC8222626A95700ED7E15 /* GraphRendererHeaders.h */,
				659CC81926262E0F00ED7E15 /* Results.h */,
				659CC81A26262E0F00ED7E15 /* Results.m */,
				659CC81626262C9300ED7E15 /* SimulatorThread.h */,
				659CC81726262C9300ED7E15 /* SimulatorThread.m */,
				65EA9FAF2648FF5E00FE6900 /* Compiler */,
				659CC8102624BB8200ED7E15 /* Simul.h */,
				659CC8112624BB8200ED7E15 /* Simul.c */,
				659CC7E62624BB6400ED7E15 /* Assets.xcassets */,
				659CC7EB2624BB6400ED7E15 /* Info.plist */,
				659CC7EC2624BB6400ED7E15 /* main.m */,
				659CC7EE2624BB6400ED7E15 /* Stimulator.entitlements */,
			);
			path = Stimulator;
			sourceTree = "<group>";
		};
		65EA9FAF2648FF5E00FE6900 /* Compiler */ = {
			isa = PBXGroup;
			children = (
				65EA9FA62648E32F00FE6900 /* PolicyCompiler.h */,
				65EA9FA72648E32F00FE6900 /* PolicyCompiler.m */,
				65EA9FB02648FF6B00FE6900 /* Diagnostic.h */,
				65EA9FB12648FF6B00FE6900 /* Diagnostic.m */,
			);
			path = Compiler;
			sourceTree = "<group>";
		};
/* End PBXGroup section */

/* Begin PBXHeadersBuildPhase section */
		655FCF6D2637D8FB004981A4 /* Headers */ = {
			isa = PBXHeadersBuildPhase;
			buildActionMask = 2147483647;
			files = (
			);
			runOnlyForDeploymentPostprocessing = 0;
		};
/* End PBXHeadersBuildPhase section */

/* Begin PBXNativeTarget section */
		655FCF702637D8FB004981A4 /* simul */ = {
			isa = PBXNativeTarget;
			buildConfigurationList = 655FCF772637D8FB004981A4 /* Build configuration list for PBXNativeTarget "simul" */;
			buildPhases = (
				655FCF6D2637D8FB004981A4 /* Headers */,
				655FCF6E2637D8FB004981A4 /* Sources */,
				655FCF6F2637D8FB004981A4 /* Frameworks */,
			);
			buildRules = (
			);
			dependencies = (
			);
			name = simul;
			productName = simul;
			productReference = 655FCF712637D8FB004981A4 /* libsimul.a */;
			productType = "com.apple.product-type.library.static";
		};
		659CC7DC2624BB6200ED7E15 /* Stimulator */ = {
			isa = PBXNativeTarget;
			buildConfigurationList = 659CC8072624BB6400ED7E15 /* Build configuration list for PBXNativeTarget "Stimulator" */;
			buildPhases = (
				659CC7D92624BB6200ED7E15 /* Sources */,
				659CC7DA2624BB6200ED7E15 /* Frameworks */,
				659CC7DB2624BB6200ED7E15 /* Resources */,
				65EA9FAE2648ECE100FE6900 /* Embed Libraries */,
			);
			buildRules = (
			);
			dependencies = (
			);
			name = Stimulator;
			productName = Stimulator;
			productReference = 659CC7DD2624BB6200ED7E15 /* Stimulator.app */;
			productType = "com.apple.product-type.application";
		};
		659CC7F22624BB6400ED7E15 /* StimulatorTests */ = {
			isa = PBXNativeTarget;
			buildConfigurationList = 659CC80A2624BB6400ED7E15 /* Build configuration list for PBXNativeTarget "StimulatorTests" */;
			buildPhases = (
				659CC7EF2624BB6400ED7E15 /* Sources */,
				659CC7F02624BB6400ED7E15 /* Frameworks */,
				659CC7F12624BB6400ED7E15 /* Resources */,
			);
			buildRules = (
			);
			dependencies = (
				659CC7F52624BB6400ED7E15 /* PBXTargetDependency */,
			);
			name = StimulatorTests;
			productName = StimulatorTests;
			productReference = 659CC7F32624BB6400ED7E15 /* StimulatorTests.xctest */;
			productType = "com.apple.product-type.bundle.unit-test";
		};
		659CC7FD2624BB6400ED7E15 /* StimulatorUITests */ = {
			isa = PBXNativeTarget;
			buildConfigurationList = 659CC80D2624BB6400ED7E15 /* Build configuration list for PBXNativeTarget "StimulatorUITests" */;
			buildPhases = (
				659CC7FA2624BB6400ED7E15 /* Sources */,
				659CC7FB2624BB6400ED7E15 /* Frameworks */,
				659CC7FC2624BB6400ED7E15 /* Resources */,
			);
			buildRules = (
			);
			dependencies = (
				659CC8002624BB6400ED7E15 /* PBXTargetDependency */,
			);
			name = StimulatorUITests;
			productName = StimulatorUITests;
			productReference = 659CC7FE2624BB6400ED7E15 /* StimulatorUITests.xctest */;
			productType = "com.apple.product-type.bundle.ui-testing";
		};
/* End PBXNativeTarget section */

/* Begin PBXProject section */
		659CC7D52624BB6200ED7E15 /* Project object */ = {
			isa = PBXProject;
			attributes = {
				LastUpgradeCheck = 1130;
				ORGANIZATIONNAME = "Sophia Wisdom";
				TargetAttributes = {
					655FCF702637D8FB004981A4 = {
						CreatedOnToolsVersion = 11.3.1;
					};
					659CC7DC2624BB6200ED7E15 = {
						CreatedOnToolsVersion = 11.3.1;
					};
					659CC7F22624BB6400ED7E15 = {
						CreatedOnToolsVersion = 11.3.1;
						TestTargetID = 659CC7DC2624BB6200ED7E15;
					};
					659CC7FD2624BB6400ED7E15 = {
						CreatedOnToolsVersion = 11.3.1;
						TestTargetID = 659CC7DC2624BB6200ED7E15;
					};
				};
			};
			buildConfigurationList = 659CC7D82624BB6200ED7E15 /* Build configuration list for PBXProject "Stimulator" */;
			compatibilityVersion = "Xcode 9.3";
			developmentRegion = en;
			hasScannedForEncodings = 0;
			knownRegions = (
				en,
				Base,
			);
			mainGroup = 659CC7D42624BB6200ED7E15;
			productRefGroup = 659CC7DE2624BB6200ED7E15 /* Products */;
			projectDirPath = "";
			projectRoot = "";
			targets = (
				659CC7DC2624BB6200ED7E15 /* Stimulator */,
				659CC7F22624BB6400ED7E15 /* StimulatorTests */,
				659CC7FD2624BB6400ED7E15 /* StimulatorUITests */,
				655FCF702637D8FB004981A4 /* simul */,
			);
		};
/* End PBXProject section */

/* Begin PBXResourcesBuildPhase section */
		659CC7DB2624BB6200ED7E15 /* Resources */ = {
			isa = PBXResourcesBuildPhase;
			buildActionMask = 2147483647;
			files = (
				659CC7E72624BB6400ED7E15 /* Assets.xcassets in Resources */,
			);
			runOnlyForDeploymentPostprocessing = 0;
		};
		659CC7F12624BB6400ED7E15 /* Resources */ = {
			isa = PBXResourcesBuildPhase;
			buildActionMask = 2147483647;
			files = (
			);
			runOnlyForDeploymentPostprocessing = 0;
		};
		659CC7FC2624BB6400ED7E15 /* Resources */ = {
			isa = PBXResourcesBuildPhase;
			buildActionMask = 2147483647;
			files = (
			);
			runOnlyForDeploymentPostprocessing = 0;
		};
/* End PBXResourcesBuildPhase section */

/* Begin PBXSourcesBuildPhase section */
		655FCF6E2637D8FB004981A4 /* Sources */ = {
			isa = PBXSourcesBuildPhase;
			buildActionMask = 2147483647;
			files = (
				655FCF7A2637D8FD004981A4 /* Simul.c in Sources */,
			);
			runOnlyForDeploymentPostprocessing = 0;
		};
		659CC7D92624BB6200ED7E15 /* Sources */ = {
			isa = PBXSourcesBuildPhase;
			buildActionMask = 2147483647;
			files = (
				659CC7E52624BB6200ED7E15 /* RealtimeGraphController.m in Sources */,
				659CC7ED2624BB6400ED7E15 /* main.m in Sources */,
				65EA9FB22648FF6B00FE6900 /* Diagnostic.m in Sources */,
				659CC8242626B29000ED7E15 /* GraphShader.metal in Sources */,
				659CC81826262C9300ED7E15 /* SimulatorThread.m in Sources */,
				659CC7E22624BB6200ED7E15 /* AppDelegate.m in Sources */,
				6501710E2661360A00761393 /* PolicyChooserView.m in Sources */,
				659CC81B26262E0F00ED7E15 /* Results.m in Sources */,
				65EA9FA82648E32F00FE6900 /* PolicyCompiler.m in Sources */,
				659CC821262660A800ED7E15 /* RealtimeGraphRenderer.m in Sources */,
			);
			runOnlyForDeploymentPostprocessing = 0;
		};
		659CC7EF2624BB6400ED7E15 /* Sources */ = {
			isa = PBXSourcesBuildPhase;
			buildActionMask = 2147483647;
			files = (
			);
			runOnlyForDeploymentPostprocessing = 0;
		};
		659CC7FA2624BB6400ED7E15 /* Sources */ = {
			isa = PBXSourcesBuildPhase;
			buildActionMask = 2147483647;
			files = (
			);
			runOnlyForDeploymentPostprocessing = 0;
		};
/* End PBXSourcesBuildPhase section */

/* Begin PBXTargetDependency section */
		659CC7F52624BB6400ED7E15 /* PBXTargetDependency */ = {
			isa = PBXTargetDependency;
			target = 659CC7DC2624BB6200ED7E15 /* Stimulator */;
			targetProxy = 659CC7F42624BB6400ED7E15 /* PBXContainerItemProxy */;
		};
		659CC8002624BB6400ED7E15 /* PBXTargetDependency */ = {
			isa = PBXTargetDependency;
			target = 659CC7DC2624BB6200ED7E15 /* Stimulator */;
			targetProxy = 659CC7FF2624BB6400ED7E15 /* PBXContainerItemProxy */;
		};
/* End PBXTargetDependency section */

/* Begin XCBuildConfiguration section */
		655FCF782637D8FB004981A4 /* Debug */ = {
			isa = XCBuildConfiguration;
			buildSettings = {
				ARCHS = "$(NATIVE_ARCH_ACTUAL)";
				CODE_SIGN_STYLE = Automatic;
				EXECUTABLE_PREFIX = lib;
				GCC_FAST_MATH = YES;
				LLVM_LTO = YES;
				PRODUCT_NAME = "$(TARGET_NAME)";
				SKIP_INSTALL = YES;
				VALID_ARCHS = x86_64;
			};
			name = Debug;
		};
		655FCF792637D8FB004981A4 /* Release */ = {
			isa = XCBuildConfiguration;
			buildSettings = {
				ARCHS = "$(NATIVE_ARCH_ACTUAL)";
				CODE_SIGN_STYLE = Automatic;
				EXECUTABLE_PREFIX = lib;
				GCC_FAST_MATH = YES;
				GCC_OPTIMIZATION_LEVEL = fast;
				LLVM_LTO = YES;
				PRODUCT_NAME = "$(TARGET_NAME)";
				SKIP_INSTALL = YES;
				VALID_ARCHS = x86_64;
			};
			name = Release;
		};
		659CC8052624BB6400ED7E15 /* Debug */ = {
			isa = XCBuildConfiguration;
			buildSettings = {
				ALWAYS_SEARCH_USER_PATHS = NO;
				CLANG_ANALYZER_NONNULL = YES;
				CLANG_ANALYZER_NUMBER_OBJECT_CONVERSION = YES_AGGRESSIVE;
				CLANG_CXX_LANGUAGE_STANDARD = "gnu++14";
				CLANG_CXX_LIBRARY = "libc++";
				CLANG_ENABLE_MODULES = YES;
				CLANG_ENABLE_OBJC_ARC = YES;
				CLANG_ENABLE_OBJC_WEAK = YES;
				CLANG_WARN_BLOCK_CAPTURE_AUTORELEASING = YES;
				CLANG_WARN_BOOL_CONVERSION = YES;
				CLANG_WARN_COMMA = YES;
				CLANG_WARN_CONSTANT_CONVERSION = YES;
				CLANG_WARN_DEPRECATED_OBJC_IMPLEMENTATIONS = YES;
				CLANG_WARN_DIRECT_OBJC_ISA_USAGE = YES_ERROR;
				CLANG_WARN_DOCUMENTATION_COMMENTS = YES;
				CLANG_WARN_EMPTY_BODY = YES;
				CLANG_WARN_ENUM_CONVERSION = YES;
				CLANG_WARN_INFINITE_RECURSION = YES;
				CLANG_WARN_INT_CONVERSION = YES;
				CLANG_WARN_NON_LITERAL_NULL_CONVERSION = YES;
				CLANG_WARN_OBJC_IMPLICIT_RETAIN_SELF = YES;
				CLANG_WARN_OBJC_LITERAL_CONVERSION = YES;
				CLANG_WARN_OBJC_ROOT_CLASS = YES_ERROR;
				CLANG_WARN_RANGE_LOOP_ANALYSIS = YES;
				CLANG_WARN_STRICT_PROTOTYPES = YES;
				CLANG_WARN_SUSPICIOUS_MOVE = YES;
				CLANG_WARN_UNGUARDED_AVAILABILITY = YES_AGGRESSIVE;
				CLANG_WARN_UNREACHABLE_CODE = YES;
				CLANG_WARN__DUPLICATE_METHOD_MATCH = YES;
				COPY_PHASE_STRIP = NO;
				DEBUG_INFORMATION_FORMAT = dwarf;
				ENABLE_STRICT_OBJC_MSGSEND = YES;
				ENABLE_TESTABILITY = YES;
				GCC_C_LANGUAGE_STANDARD = gnu11;
				GCC_DYNAMIC_NO_PIC = NO;
				GCC_NO_COMMON_BLOCKS = YES;
				GCC_OPTIMIZATION_LEVEL = 0;
				GCC_PREPROCESSOR_DEFINITIONS = (
					"DEBUG=1",
					"$(inherited)",
				);
				GCC_WARN_64_TO_32_BIT_CONVERSION = YES;
				GCC_WARN_ABOUT_RETURN_TYPE = YES_ERROR;
				GCC_WARN_UNDECLARED_SELECTOR = YES;
				GCC_WARN_UNINITIALIZED_AUTOS = YES_AGGRESSIVE;
				GCC_WARN_UNUSED_FUNCTION = YES;
				GCC_WARN_UNUSED_VARIABLE = YES;
				MACOSX_DEPLOYMENT_TARGET = 10.15;
				MTL_ENABLE_DEBUG_INFO = INCLUDE_SOURCE;
				MTL_FAST_MATH = YES;
				ONLY_ACTIVE_ARCH = YES;
				SDKROOT = macosx;
			};
			name = Debug;
		};
		659CC8062624BB6400ED7E15 /* Release */ = {
			isa = XCBuildConfiguration;
			buildSettings = {
				ALWAYS_SEARCH_USER_PATHS = NO;
				CLANG_ANALYZER_NONNULL = YES;
				CLANG_ANALYZER_NUMBER_OBJECT_CONVERSION = YES_AGGRESSIVE;
				CLANG_CXX_LANGUAGE_STANDARD = "gnu++14";
				CLANG_CXX_LIBRARY = "libc++";
				CLANG_ENABLE_MODULES = YES;
				CLANG_ENABLE_OBJC_ARC = YES;
				CLANG_ENABLE_OBJC_WEAK = YES;
				CLANG_WARN_BLOCK_CAPTURE_AUTORELEASING = YES;
				CLANG_WARN_BOOL_CONVERSION = YES;
				CLANG_WARN_COMMA = YES;
				CLANG_WARN_CONSTANT_CONVERSION = YES;
				CLANG_WARN_DEPRECATED_OBJC_IMPLEMENTATIONS = YES;
				CLANG_WARN_DIRECT_OBJC_ISA_USAGE = YES_ERROR;
				CLANG_WARN_DOCUMENTATION_COMMENTS = YES;
				CLANG_WARN_EMPTY_BODY = YES;
				CLANG_WARN_ENUM_CONVERSION = YES;
				CLANG_WARN_INFINITE_RECURSION = YES;
				CLANG_WARN_INT_CONVERSION = YES;
				CLANG_WARN_NON_LITERAL_NULL_CONVERSION = YES;
				CLANG_WARN_OBJC_IMPLICIT_RETAIN_SELF = YES;
				CLANG_WARN_OBJC_LITERAL_CONVERSION = YES;
				CLANG_WARN_OBJC_ROOT_CLASS = YES_ERROR;
				CLANG_WARN_RANGE_LOOP_ANALYSIS = YES;
				CLANG_WARN_STRICT_PROTOTYPES = YES;
				CLANG_WARN_SUSPICIOUS_MOVE = YES;
				CLANG_WARN_UNGUARDED_AVAILABILITY = YES_AGGRESSIVE;
				CLANG_WARN_UNREACHABLE_CODE = YES;
				CLANG_WARN__DUPLICATE_METHOD_MATCH = YES;
				COPY_PHASE_STRIP = NO;
				DEBUG_INFORMATION_FORMAT = "dwarf-with-dsym";
				ENABLE_NS_ASSERTIONS = NO;
				ENABLE_STRICT_OBJC_MSGSEND = YES;
				GCC_C_LANGUAGE_STANDARD = gnu11;
				GCC_NO_COMMON_BLOCKS = YES;
				GCC_WARN_64_TO_32_BIT_CONVERSION = YES;
				GCC_WARN_ABOUT_RETURN_TYPE = YES_ERROR;
				GCC_WARN_UNDECLARED_SELECTOR = YES;
				GCC_WARN_UNINITIALIZED_AUTOS = YES_AGGRESSIVE;
				GCC_WARN_UNUSED_FUNCTION = YES;
				GCC_WARN_UNUSED_VARIABLE = YES;
				MACOSX_DEPLOYMENT_TARGET = 10.15;
				MTL_ENABLE_DEBUG_INFO = NO;
				MTL_FAST_MATH = YES;
				SDKROOT = macosx;
			};
			name = Release;
		};
		659CC8082624BB6400ED7E15 /* Debug */ = {
			isa = XCBuildConfiguration;
			buildSettings = {
				ASSETCATALOG_COMPILER_APPICON_NAME = AppIcon;
				CLANG_USE_OPTIMIZATION_PROFILE = NO;
				CODE_SIGN_ENTITLEMENTS = Stimulator/Stimulator.entitlements;
				CODE_SIGN_STYLE = Automatic;
				COMBINE_HIDPI_IMAGES = YES;
				DEBUG_INFORMATION_FORMAT = dwarf;
				GCC_C_LANGUAGE_STANDARD = c11;
				GCC_FAST_MATH = YES;
				GCC_OPTIMIZATION_LEVEL = s;
				INFOPLIST_FILE = Stimulator/Info.plist;
				LD_RUNPATH_SEARCH_PATHS = (
					"$(inherited)",
					"@executable_path/../Frameworks",
				);
				LIBRARY_SEARCH_PATHS = /Library/Developer/CommandLineTools/usr/lib;
				LLVM_LTO = YES;
				PRODUCT_BUNDLE_IDENTIFIER = org.tweaks.Stimulator;
				PRODUCT_NAME = "$(TARGET_NAME)";
			};
			name = Debug;
		};
		659CC8092624BB6400ED7E15 /* Release */ = {
			isa = XCBuildConfiguration;
			buildSettings = {
				ASSETCATALOG_COMPILER_APPICON_NAME = AppIcon;
				CLANG_USE_OPTIMIZATION_PROFILE = NO;
				CODE_SIGN_ENTITLEMENTS = Stimulator/Stimulator.entitlements;
				CODE_SIGN_STYLE = Automatic;
				COMBINE_HIDPI_IMAGES = YES;
				DEBUG_INFORMATION_FORMAT = dwarf;
				GCC_C_LANGUAGE_STANDARD = c11;
				GCC_FAST_MATH = YES;
				GCC_OPTIMIZATION_LEVEL = s;
				INFOPLIST_FILE = Stimulator/Info.plist;
				LD_RUNPATH_SEARCH_PATHS = (
					"$(inherited)",
					"@executable_path/../Frameworks",
				);
				LIBRARY_SEARCH_PATHS = /Library/Developer/CommandLineTools/usr/lib;
				LLVM_LTO = YES;
				PRODUCT_BUNDLE_IDENTIFIER = org.tweaks.Stimulator;
				PRODUCT_NAME = "$(TARGET_NAME)";
			};
			name = Release;
		};
		659CC80B2624BB6400ED7E15 /* Debug */ = {
			isa = XCBuildConfiguration;
			buildSettings = {
				BUNDLE_LOADER = "$(TEST_HOST)";
				CODE_SIGN_STYLE = Automatic;
				COMBINE_HIDPI_IMAGES = YES;
				INFOPLIST_FILE = StimulatorTests/Info.plist;
				LD_RUNPATH_SEARCH_PATHS = (
					"$(inherited)",
					"@executable_path/../Frameworks",
					"@loader_path/../Frameworks",
				);
				MACOSX_DEPLOYMENT_TARGET = 10.15;
				PRODUCT_BUNDLE_IDENTIFIER = org.tweaks.StimulatorTests;
				PRODUCT_NAME = "$(TARGET_NAME)";
				TEST_HOST = "$(BUILT_PRODUCTS_DIR)/Stimulator.app/Contents/MacOS/Stimulator";
			};
			name = Debug;
		};
		659CC80C2624BB6400ED7E15 /* Release */ = {
			isa = XCBuildConfiguration;
			buildSettings = {
				BUNDLE_LOADER = "$(TEST_HOST)";
				CODE_SIGN_STYLE = Automatic;
				COMBINE_HIDPI_IMAGES = YES;
				INFOPLIST_FILE = StimulatorTests/Info.plist;
				LD_RUNPATH_SEARCH_PATHS = (
					"$(inherited)",
					"@executable_path/../Frameworks",
					"@loader_path/../Frameworks",
				);
				MACOSX_DEPLOYMENT_TARGET = 10.15;
				PRODUCT_BUNDLE_IDENTIFIER = org.tweaks.StimulatorTests;
				PRODUCT_NAME = "$(TARGET_NAME)";
				TEST_HOST = "$(BUILT_PRODUCTS_DIR)/Stimulator.app/Contents/MacOS/Stimulator";
			};
			name = Release;
		};
		659CC80E2624BB6400ED7E15 /* Debug */ = {
			isa = XCBuildConfiguration;
			buildSettings = {
				CODE_SIGN_STYLE = Automatic;
				COMBINE_HIDPI_IMAGES = YES;
				INFOPLIST_FILE = StimulatorUITests/Info.plist;
				LD_RUNPATH_SEARCH_PATHS = (
					"$(inherited)",
					"@executable_path/../Frameworks",
					"@loader_path/../Frameworks",
				);
				PRODUCT_BUNDLE_IDENTIFIER = org.tweaks.StimulatorUITests;
				PRODUCT_NAME = "$(TARGET_NAME)";
				TEST_TARGET_NAME = Stimulator;
			};
			name = Debug;
		};
		659CC80F2624BB6400ED7E15 /* Release */ = {
			isa = XCBuildConfiguration;
			buildSettings = {
				CODE_SIGN_STYLE = Automatic;
				COMBINE_HIDPI_IMAGES = YES;
				INFOPLIST_FILE = StimulatorUITests/Info.plist;
				LD_RUNPATH_SEARCH_PATHS = (
					"$(inherited)",
					"@executable_path/../Frameworks",
					"@loader_path/../Frameworks",
				);
				PRODUCT_BUNDLE_IDENTIFIER = org.tweaks.StimulatorUITests;
				PRODUCT_NAME = "$(TARGET_NAME)";
				TEST_TARGET_NAME = Stimulator;
			};
			name = Release;
		};
/* End XCBuildConfiguration section */

/* Begin XCConfigurationList section */
		655FCF772637D8FB004981A4 /* Build configuration list for PBXNativeTarget "simul" */ = {
			isa = XCConfigurationList;
			buildConfigurations = (
				655FCF782637D8FB004981A4 /* Debug */,
				655FCF792637D8FB004981A4 /* Release */,
			);
			defaultConfigurationIsVisible = 0;
			defaultConfigurationName = Release;
		};
		659CC7D82624BB6200ED7E15 /* Build configuration list for PBXProject "Stimulator" */ = {
			isa = XCConfigurationList;
			buildConfigurations = (
				659CC8052624BB6400ED7E15 /* Debug */,
				659CC8062624BB6400ED7E15 /* Release */,
			);
			defaultConfigurationIsVisible = 0;
			defaultConfigurationName = Release;
		};
		659CC8072624BB6400ED7E15 /* Build configuration list for PBXNativeTarget "Stimulator" */ = {
			isa = XCConfigurationList;
			buildConfigurations = (
				659CC8082624BB6400ED7E15 /* Debug */,
				659CC8092624BB6400ED7E15 /* Release */,
			);
			defaultConfigurationIsVisible = 0;
			defaultConfigurationName = Release;
		};
		659CC80A2624BB6400ED7E15 /* Build configuration list for PBXNativeTarget "StimulatorTests" */ = {
			isa = XCConfigurationList;
			buildConfigurations = (
				659CC80B2624BB6400ED7E15 /* Debug */,
				659CC80C2624BB6400ED7E15 /* Release */,
			);
			defaultConfigurationIsVisible = 0;
			defaultConfigurationName = Release;
		};
		659CC80D2624BB6400ED7E15 /* Build configuration list for PBXNativeTarget "StimulatorUITests" */ = {
			isa = XCConfigurationList;
			buildConfigurations = (
				659CC80E2624BB6400ED7E15 /* Debug */,
				659CC80F2624BB6400ED7E15 /* Release */,
			);
			defaultConfigurationIsVisible = 0;
			defaultConfigurationName = Release;
		};
/* End XCConfigurationList section */
	};
	rootObject = 659CC7D52624BB6200ED7E15 /* Project object */;
}
